github.com/goravel/framework v1.11.2-0.20230604012447-7eaff3b0c822 h1:zwu2rK0OqTiLm0bDi4dYBIGuYjTC6M4UNasht/pUxLo=
github.com/goravel/framework v1.11.2-0.20230604012447-7eaff3b0c822/go.mod h1:um1XHzGmcIzcFWdaS6A+IV0QT7Cg2fvd2MRIKZqcGQ8=
github.com/goravel/framework v1.11.2 h1:dDa7Qnn3D0d302vMLhkTkI5SBLEj+azbRDP7oFhtkLI=
github.com/goravel/framework v1.11.2/go.mod h1:mSy+CLo+73q5CwYU3oBc7Puv09Kxxu/2H4F4lO0bIv4=
